// !$*UTF8*$!
{
	archiveVersion = 1;
	classes = {
	};
	objectVersion = 77;
	objects = {

/* Begin PBXBuildFile section */
		8F3E18DA2D6A128D00517FC3 /* UINow in Frameworks */ = {isa = PBXBuildFile; productRef = 8F3E18D92D6A128D00517FC3 /* UINow */; };
		8F626EE72D6AEB2D009D7076 /* UINow in Frameworks */ = {isa = PBXBuildFile; productRef = 8F626EE62D6AEB2D009D7076 /* UINow */; };
		8F626EEA2D6AEB74009D7076 /* UINow in Frameworks */ = {isa = PBXBuildFile; productRef = 8F626EE92D6AEB74009D7076 /* UINow */; };
		8F927EFD2D6AEC3C0062BA4B /* UINow in Frameworks */ = {isa = PBXBuildFile; productRef = 8F927EFC2D6AEC3C0062BA4B /* UINow */; };
/* End PBXBuildFile section */

/* Begin PBXContainerItemProxy section */
		8F3E18BC2D6A126300517FC3 /* PBXContainerItemProxy */ = {
			isa = PBXContainerItemProxy;
			containerPortal = 8F3E18A32D6A126100517FC3 /* Project object */;
			proxyType = 1;
			remoteGlobalIDString = 8F3E18AA2D6A126100517FC3;
			remoteInfo = UINowDemo;
		};
		8F3E18C62D6A126300517FC3 /* PBXContainerItemProxy */ = {
			isa = PBXContainerItemProxy;
			containerPortal = 8F3E18A32D6A126100517FC3 /* Project object */;
			proxyType = 1;
			remoteGlobalIDString = 8F3E18AA2D6A126100517FC3;
			remoteInfo = UINowDemo;
		};
/* End PBXContainerItemProxy section */

/* Begin PBXFileReference section */
		8F3E18AB2D6A126100517FC3 /* UINowDemo.app */ = {isa = PBXFileReference; explicitFileType = wrapper.application; includeInIndex = 0; path = UINowDemo.app; sourceTree = BUILT_PRODUCTS_DIR; };
		8F3E18BB2D6A126300517FC3 /* UINowDemoTests.xctest */ = {isa = PBXFileReference; explicitFileType = wrapper.cfbundle; includeInIndex = 0; path = UINowDemoTests.xctest; sourceTree = BUILT_PRODUCTS_DIR; };
		8F3E18C52D6A126300517FC3 /* UINowDemoUITests.xctest */ = {isa = PBXFileReference; explicitFileType = wrapper.cfbundle; includeInIndex = 0; path = UINowDemoUITests.xctest; sourceTree = BUILT_PRODUCTS_DIR; };
/* End PBXFileReference section */

/* Begin PBXFileSystemSynchronizedRootGroup section */
		8F3E18AD2D6A126100517FC3 /* UINowDemo */ = {
			isa = PBXFileSystemSynchronizedRootGroup;
			path = UINowDemo;
			sourceTree = "<group>";
		};
		8F3E18BE2D6A126300517FC3 /* UINowDemoTests */ = {
			isa = PBXFileSystemSynchronizedRootGroup;
			path = UINowDemoTests;
			sourceTree = "<group>";
		};
		8F3E18C82D6A126300517FC3 /* UINowDemoUITests */ = {
			isa = PBXFileSystemSynchronizedRootGroup;
			path = UINowDemoUITests;
			sourceTree = "<group>";
		};
/* End PBXFileSystemSynchronizedRootGroup section */

/* Begin PBXFrameworksBuildPhase section */
		8F3E18A82D6A126100517FC3 /* Frameworks */ = {
			isa = PBXFrameworksBuildPhase;
			buildActionMask = 2147483647;
			files = (
				8F626EEA2D6AEB74009D7076 /* UINow in Frameworks */,
				8F3E18DA2D6A128D00517FC3 /* UINow in Frameworks */,
				8F626EE72D6AEB2D009D7076 /* UINow in Frameworks */,
				8F927EFD2D6AEC3C0062BA4B /* UINow in Frameworks */,
			);
			runOnlyForDeploymentPostprocessing = 0;
		};
		8F3E18B82D6A126300517FC3 /* Frameworks */ = {
			isa = PBXFrameworksBuildPhase;
			buildActionMask = 2147483647;
			files = (
			);
			runOnlyForDeploymentPostprocessing = 0;
		};
		8F3E18C22D6A126300517FC3 /* Frameworks */ = {
			isa = PBXFrameworksBuildPhase;
			buildActionMask = 2147483647;
			files = (
			);
			runOnlyForDeploymentPostprocessing = 0;
		};
/* End PBXFrameworksBuildPhase section */

/* Begin PBXGroup section */
		8F3E18A22D6A126100517FC3 = {
			isa = PBXGroup;
			children = (
				8F3E18AD2D6A126100517FC3 /* UINowDemo */,
				8F3E18BE2D6A126300517FC3 /* UINowDemoTests */,
				8F3E18C82D6A126300517FC3 /* UINowDemoUITests */,
				8F3E18AC2D6A126100517FC3 /* Products */,
			);
			sourceTree = "<group>";
		};
		8F3E18AC2D6A126100517FC3 /* Products */ = {
			isa = PBXGroup;
			children = (
				8F3E18AB2D6A126100517FC3 /* UINowDemo.app */,
				8F3E18BB2D6A126300517FC3 /* UINowDemoTests.xctest */,
				8F3E18C52D6A126300517FC3 /* UINowDemoUITests.xctest */,
			);
			name = Products;
			sourceTree = "<group>";
		};
/* End PBXGroup section */

/* Begin PBXNativeTarget section */
		8F3E18AA2D6A126100517FC3 /* UINowDemo */ = {
			isa = PBXNativeTarget;
			buildConfigurationList = 8F3E18CF2D6A126300517FC3 /* Build configuration list for PBXNativeTarget "UINowDemo" */;
			buildPhases = (
				8F3E18A72D6A126100517FC3 /* Sources */,
				8F3E18A82D6A126100517FC3 /* Frameworks */,
				8F3E18A92D6A126100517FC3 /* Resources */,
			);
			buildRules = (
			);
			dependencies = (
			);
			fileSystemSynchronizedGroups = (
				8F3E18AD2D6A126100517FC3 /* UINowDemo */,
			);
			name = UINowDemo;
			packageProductDependencies = (
				8F3E18D92D6A128D00517FC3 /* UINow */,
				8F626EE62D6AEB2D009D7076 /* UINow */,
				8F626EE92D6AEB74009D7076 /* UINow */,
				8F927EFC2D6AEC3C0062BA4B /* UINow */,
			);
			productName = UINowDemo;
			productReference = 8F3E18AB2D6A126100517FC3 /* UINowDemo.app */;
			productType = "com.apple.product-type.application";
		};
		8F3E18BA2D6A126300517FC3 /* UINowDemoTests */ = {
			isa = PBXNativeTarget;
			buildConfigurationList = 8F3E18D22D6A126300517FC3 /* Build configuration list for PBXNativeTarget "UINowDemoTests" */;
			buildPhases = (
				8F3E18B72D6A126300517FC3 /* Sources */,
				8F3E18B82D6A126300517FC3 /* Frameworks */,
				8F3E18B92D6A126300517FC3 /* Resources */,
			);
			buildRules = (
			);
			dependencies = (
				8F3E18BD2D6A126300517FC3 /* PBXTargetDependency */,
			);
			fileSystemSynchronizedGroups = (
				8F3E18BE2D6A126300517FC3 /* UINowDemoTests */,
			);
			name = UINowDemoTests;
			packageProductDependencies = (
			);
			productName = UINowDemoTests;
			productReference = 8F3E18BB2D6A126300517FC3 /* UINowDemoTests.xctest */;
			productType = "com.apple.product-type.bundle.unit-test";
		};
		8F3E18C42D6A126300517FC3 /* UINowDemoUITests */ = {
			isa = PBXNativeTarget;
			buildConfigurationList = 8F3E18D52D6A126300517FC3 /* Build configuration list for PBXNativeTarget "UINowDemoUITests" */;
			buildPhases = (
				8F3E18C12D6A126300517FC3 /* Sources */,
				8F3E18C22D6A126300517FC3 /* Frameworks */,
				8F3E18C32D6A126300517FC3 /* Resources */,
			);
			buildRules = (
			);
			dependencies = (
				8F3E18C72D6A126300517FC3 /* PBXTargetDependency */,
			);
			fileSystemSynchronizedGroups = (
				8F3E18C82D6A126300517FC3 /* UINowDemoUITests */,
			);
			name = UINowDemoUITests;
			packageProductDependencies = (
			);
			productName = UINowDemoUITests;
			productReference = 8F3E18C52D6A126300517FC3 /* UINowDemoUITests.xctest */;
			productType = "com.apple.product-type.bundle.ui-testing";
		};
/* End PBXNativeTarget section */

/* Begin PBXProject section */
		8F3E18A32D6A126100517FC3 /* Project object */ = {
			isa = PBXProject;
			attributes = {
				BuildIndependentTargetsInParallel = 1;
				LastSwiftUpdateCheck = 1600;
				LastUpgradeCheck = 1600;
				TargetAttributes = {
					8F3E18AA2D6A126100517FC3 = {
						CreatedOnToolsVersion = 16.0;
					};
					8F3E18BA2D6A126300517FC3 = {
						CreatedOnToolsVersion = 16.0;
						TestTargetID = 8F3E18AA2D6A126100517FC3;
					};
					8F3E18C42D6A126300517FC3 = {
						CreatedOnToolsVersion = 16.0;
						TestTargetID = 8F3E18AA2D6A126100517FC3;
					};
				};
			};
			buildConfigurationList = 8F3E18A62D6A126100517FC3 /* Build configuration list for PBXProject "UINowDemo" */;
			developmentRegion = en;
			hasScannedForEncodings = 0;
			knownRegions = (
				en,
				Base,
			);
			mainGroup = 8F3E18A22D6A126100517FC3;
			minimizedProjectReferenceProxies = 1;
			packageReferences = (
				8F927EFB2D6AEC3C0062BA4B /* XCLocalSwiftPackageReference "../../UINow" */,
			);
			preferredProjectObjectVersion = 77;
			productRefGroup = 8F3E18AC2D6A126100517FC3 /* Products */;
			projectDirPath = "";
			projectRoot = "";
			targets = (
				8F3E18AA2D6A126100517FC3 /* UINowDemo */,
				8F3E18BA2D6A126300517FC3 /* UINowDemoTests */,
				8F3E18C42D6A126300517FC3 /* UINowDemoUITests */,
			);
		};
/* End PBXProject section */

/* Begin PBXResourcesBuildPhase section */
		8F3E18A92D6A126100517FC3 /* Resources */ = {
			isa = PBXResourcesBuildPhase;
			buildActionMask = 2147483647;
			files = (
			);
			runOnlyForDeploymentPostprocessing = 0;
		};
		8F3E18B92D6A126300517FC3 /* Resources */ = {
			isa = PBXResourcesBuildPhase;
			buildActionMask = 2147483647;
			files = (
			);
			runOnlyForDeploymentPostprocessing = 0;
		};
		8F3E18C32D6A126300517FC3 /* Resources */ = {
			isa = PBXResourcesBuildPhase;
			buildActionMask = 2147483647;
			files = (
			);
			runOnlyForDeploymentPostprocessing = 0;
		};
/* End PBXResourcesBuildPhase section */

/* Begin PBXSourcesBuildPhase section */
		8F3E18A72D6A126100517FC3 /* Sources */ = {
			isa = PBXSourcesBuildPhase;
			buildActionMask = 2147483647;
			files = (
			);
			runOnlyForDeploymentPostprocessing = 0;
		};
		8F3E18B72D6A126300517FC3 /* Sources */ = {
			isa = PBXSourcesBuildPhase;
			buildActionMask = 2147483647;
			files = (
			);
			runOnlyForDeploymentPostprocessing = 0;
		};
		8F3E18C12D6A126300517FC3 /* Sources */ = {
			isa = PBXSourcesBuildPhase;
			buildActionMask = 2147483647;
			files = (
			);
			runOnlyForDeploymentPostprocessing = 0;
		};
/* End PBXSourcesBuildPhase section */

/* Begin PBXTargetDependency section */
		8F3E18BD2D6A126300517FC3 /* PBXTargetDependency */ = {
			isa = PBXTargetDependency;
			target = 8F3E18AA2D6A126100517FC3 /* UINowDemo */;
			targetProxy = 8F3E18BC2D6A126300517FC3 /* PBXContainerItemProxy */;
		};
		8F3E18C72D6A126300517FC3 /* PBXTargetDependency */ = {
			isa = PBXTargetDependency;
			target = 8F3E18AA2D6A126100517FC3 /* UINowDemo */;
			targetProxy = 8F3E18C62D6A126300517FC3 /* PBXContainerItemProxy */;
		};
/* End PBXTargetDependency section */

/* Begin XCBuildConfiguration section */
		8F3E18CD2D6A126300517FC3 /* Debug */ = {
			isa = XCBuildConfiguration;
			buildSettings = {
				ALWAYS_SEARCH_USER_PATHS = NO;
				ASSETCATALOG_COMPILER_GENERATE_SWIFT_ASSET_SYMBOL_EXTENSIONS = YES;
				CLANG_ANALYZER_NONNULL = YES;
				CLANG_ANALYZER_NUMBER_OBJECT_CONVERSION = YES_AGGRESSIVE;
				CLANG_CXX_LANGUAGE_STANDARD = "gnu++20";
				CLANG_ENABLE_MODULES = YES;
				CLANG_ENABLE_OBJC_ARC = YES;
				CLANG_ENABLE_OBJC_WEAK = YES;
				CLANG_WARN_BLOCK_CAPTURE_AUTORELEASING = YES;
				CLANG_WARN_BOOL_CONVERSION = YES;
				CLANG_WARN_COMMA = YES;
				CLANG_WARN_CONSTANT_CONVERSION = YES;
				CLANG_WARN_DEPRECATED_OBJC_IMPLEMENTATIONS = YES;
				CLANG_WARN_DIRECT_OBJC_ISA_USAGE = YES_ERROR;
				CLANG_WARN_DOCUMENTATION_COMMENTS = YES;
				CLANG_WARN_EMPTY_BODY = YES;
				CLANG_WARN_ENUM_CONVERSION = YES;
				CLANG_WARN_INFINITE_RECURSION = YES;
				CLANG_WARN_INT_CONVERSION = YES;
				CLANG_WARN_NON_LITERAL_NULL_CONVERSION = YES;
				CLANG_WARN_OBJC_IMPLICIT_RETAIN_SELF = YES;
				CLANG_WARN_OBJC_LITERAL_CONVERSION = YES;
				CLANG_WARN_OBJC_ROOT_CLASS = YES_ERROR;
				CLANG_WARN_QUOTED_INCLUDE_IN_FRAMEWORK_HEADER = YES;
				CLANG_WARN_RANGE_LOOP_ANALYSIS = YES;
				CLANG_WARN_STRICT_PROTOTYPES = YES;
				CLANG_WARN_SUSPICIOUS_MOVE = YES;
				CLANG_WARN_UNGUARDED_AVAILABILITY = YES_AGGRESSIVE;
				CLANG_WARN_UNREACHABLE_CODE = YES;
				CLANG_WARN__DUPLICATE_METHOD_MATCH = YES;
				COPY_PHASE_STRIP = NO;
				DEBUG_INFORMATION_FORMAT = dwarf;
				ENABLE_STRICT_OBJC_MSGSEND = YES;
				ENABLE_TESTABILITY = YES;
				ENABLE_USER_SCRIPT_SANDBOXING = YES;
				GCC_C_LANGUAGE_STANDARD = gnu17;
				GCC_DYNAMIC_NO_PIC = NO;
				GCC_NO_COMMON_BLOCKS = YES;
				GCC_OPTIMIZATION_LEVEL = 0;
				GCC_PREPROCESSOR_DEFINITIONS = (
					"DEBUG=1",
					"$(inherited)",
				);
				GCC_WARN_64_TO_32_BIT_CONVERSION = YES;
				GCC_WARN_ABOUT_RETURN_TYPE = YES_ERROR;
				GCC_WARN_UNDECLARED_SELECTOR = YES;
				GCC_WARN_UNINITIALIZED_AUTOS = YES_AGGRESSIVE;
				GCC_WARN_UNUSED_FUNCTION = YES;
				GCC_WARN_UNUSED_VARIABLE = YES;
				IPHONEOS_DEPLOYMENT_TARGET = 18.0;
				LOCALIZATION_PREFERS_STRING_CATALOGS = YES;
				MTL_ENABLE_DEBUG_INFO = INCLUDE_SOURCE;
				MTL_FAST_MATH = YES;
				ONLY_ACTIVE_ARCH = YES;
				SDKROOT = iphoneos;
				SWIFT_ACTIVE_COMPILATION_CONDITIONS = "DEBUG $(inherited)";
				SWIFT_OPTIMIZATION_LEVEL = "-Onone";
			};
			name = Debug;
		};
		8F3E18CE2D6A126300517FC3 /* Release */ = {
			isa = XCBuildConfiguration;
			buildSettings = {
				ALWAYS_SEARCH_USER_PATHS = NO;
				ASSETCATALOG_COMPILER_GENERATE_SWIFT_ASSET_SYMBOL_EXTENSIONS = YES;
				CLANG_ANALYZER_NONNULL = YES;
				CLANG_ANALYZER_NUMBER_OBJECT_CONVERSION = YES_AGGRESSIVE;
				CLANG_CXX_LANGUAGE_STANDARD = "gnu++20";
				CLANG_ENABLE_MODULES = YES;
				CLANG_ENABLE_OBJC_ARC = YES;
				CLANG_ENABLE_OBJC_WEAK = YES;
				CLANG_WARN_BLOCK_CAPTURE_AUTORELEASING = YES;
				CLANG_WARN_BOOL_CONVERSION = YES;
				CLANG_WARN_COMMA = YES;
				CLANG_WARN_CONSTANT_CONVERSION = YES;
				CLANG_WARN_DEPRECATED_OBJC_IMPLEMENTATIONS = YES;
				CLANG_WARN_DIRECT_OBJC_ISA_USAGE = YES_ERROR;
				CLANG_WARN_DOCUMENTATION_COMMENTS = YES;
				CLANG_WARN_EMPTY_BODY = YES;
				CLANG_WARN_ENUM_CONVERSION = YES;
				CLANG_WARN_INFINITE_RECURSION = YES;
				CLANG_WARN_INT_CONVERSION = YES;
				CLANG_WARN_NON_LITERAL_NULL_CONVERSION = YES;
				CLANG_WARN_OBJC_IMPLICIT_RETAIN_SELF = YES;
				CLANG_WARN_OBJC_LITERAL_CONVERSION = YES;
				CLANG_WARN_OBJC_ROOT_CLASS = YES_ERROR;
				CLANG_WARN_QUOTED_INCLUDE_IN_FRAMEWORK_HEADER = YES;
				CLANG_WARN_RANGE_LOOP_ANALYSIS = YES;
				CLANG_WARN_STRICT_PROTOTYPES = YES;
				CLANG_WARN_SUSPICIOUS_MOVE = YES;
				CLANG_WARN_UNGUARDED_AVAILABILITY = YES_AGGRESSIVE;
				CLANG_WARN_UNREACHABLE_CODE = YES;
				CLANG_WARN__DUPLICATE_METHOD_MATCH = YES;
				COPY_PHASE_STRIP = NO;
				DEBUG_INFORMATION_FORMAT = "dwarf-with-dsym";
				ENABLE_NS_ASSERTIONS = NO;
				ENABLE_STRICT_OBJC_MSGSEND = YES;
				ENABLE_USER_SCRIPT_SANDBOXING = YES;
				GCC_C_LANGUAGE_STANDARD = gnu17;
				GCC_NO_COMMON_BLOCKS = YES;
				GCC_WARN_64_TO_32_BIT_CONVERSION = YES;
				GCC_WARN_ABOUT_RETURN_TYPE = YES_ERROR;
				GCC_WARN_UNDECLARED_SELECTOR = YES;
				GCC_WARN_UNINITIALIZED_AUTOS = YES_AGGRESSIVE;
				GCC_WARN_UNUSED_FUNCTION = YES;
				GCC_WARN_UNUSED_VARIABLE = YES;
				IPHONEOS_DEPLOYMENT_TARGET = 18.0;
				LOCALIZATION_PREFERS_STRING_CATALOGS = YES;
				MTL_ENABLE_DEBUG_INFO = NO;
				MTL_FAST_MATH = YES;
				SDKROOT = iphoneos;
				SWIFT_COMPILATION_MODE = wholemodule;
				VALIDATE_PRODUCT = YES;
			};
			name = Release;
		};
		8F3E18D02D6A126300517FC3 /* Debug */ = {
			isa = XCBuildConfiguration;
			buildSettings = {
				ASSETCATALOG_COMPILER_APPICON_NAME = AppIcon;
				ASSETCATALOG_COMPILER_GLOBAL_ACCENT_COLOR_NAME = AccentColor;
				CODE_SIGN_STYLE = Automatic;
				CURRENT_PROJECT_VERSION = 1;
				DEVELOPMENT_ASSET_PATHS = "\"UINowDemo/Preview Content\"";
				DEVELOPMENT_TEAM = VBG2DLANNV;
				ENABLE_PREVIEWS = YES;
				GENERATE_INFOPLIST_FILE = YES;
				INFOPLIST_KEY_UIApplicationSceneManifest_Generation = YES;
				INFOPLIST_KEY_UIApplicationSupportsIndirectInputEvents = YES;
				INFOPLIST_KEY_UILaunchScreen_Generation = YES;
				INFOPLIST_KEY_UISupportedInterfaceOrientations_iPad = "UIInterfaceOrientationPortrait UIInterfaceOrientationPortraitUpsideDown UIInterfaceOrientationLandscapeLeft UIInterfaceOrientationLandscapeRight";
				INFOPLIST_KEY_UISupportedInterfaceOrientations_iPhone = "UIInterfaceOrientationPortrait UIInterfaceOrientationLandscapeLeft UIInterfaceOrientationLandscapeRight";
				LD_RUNPATH_SEARCH_PATHS = (
					"$(inherited)",
					"@executable_path/Frameworks",
				);
				MARKETING_VERSION = 1.0;
				PRODUCT_BUNDLE_IDENTIFIER = com.kashi.UINowDemo;
				PRODUCT_NAME = "$(TARGET_NAME)";
				SWIFT_EMIT_LOC_STRINGS = YES;
				SWIFT_VERSION = 5.0;
				TARGETED_DEVICE_FAMILY = "1,2";
			};
			name = Debug;
		};
		8F3E18D12D6A126300517FC3 /* Release */ = {
			isa = XCBuildConfiguration;
			buildSettings = {
				ASSETCATALOG_COMPILER_APPICON_NAME = AppIcon;
				ASSETCATALOG_COMPILER_GLOBAL_ACCENT_COLOR_NAME = AccentColor;
				CODE_SIGN_STYLE = Automatic;
				CURRENT_PROJECT_VERSION = 1;
				DEVELOPMENT_ASSET_PATHS = "\"UINowDemo/Preview Content\"";
				DEVELOPMENT_TEAM = VBG2DLANNV;
				ENABLE_PREVIEWS = YES;
				GENERATE_INFOPLIST_FILE = YES;
				INFOPLIST_KEY_UIApplicationSceneManifest_Generation = YES;
				INFOPLIST_KEY_UIApplicationSupportsIndirectInputEvents = YES;
				INFOPLIST_KEY_UILaunchScreen_Generation = YES;
				INFOPLIST_KEY_UISupportedInterfaceOrientations_iPad = "UIInterfaceOrientationPortrait UIInterfaceOrientationPortraitUpsideDown UIInterfaceOrientationLandscapeLeft UIInterfaceOrientationLandscapeRight";
				INFOPLIST_KEY_UISupportedInterfaceOrientations_iPhone = "UIInterfaceOrientationPortrait UIInterfaceOrientationLandscapeLeft UIInterfaceOrientationLandscapeRight";
				LD_RUNPATH_SEARCH_PATHS = (
					"$(inherited)",
					"@executable_path/Frameworks",
				);
				MARKETING_VERSION = 1.0;
				PRODUCT_BUNDLE_IDENTIFIER = com.kashi.UINowDemo;
				PRODUCT_NAME = "$(TARGET_NAME)";
				SWIFT_EMIT_LOC_STRINGS = YES;
				SWIFT_VERSION = 5.0;
				TARGETED_DEVICE_FAMILY = "1,2";
			};
			name = Release;
		};
		8F3E18D32D6A126300517FC3 /* Debug */ = {
			isa = XCBuildConfiguration;
			buildSettings = {
				BUNDLE_LOADER = "$(TEST_HOST)";
				CODE_SIGN_STYLE = Automatic;
				CURRENT_PROJECT_VERSION = 1;
				DEVELOPMENT_TEAM = VBG2DLANNV;
				GENERATE_INFOPLIST_FILE = YES;
				IPHONEOS_DEPLOYMENT_TARGET = 18.0;
				MARKETING_VERSION = 1.0;
				PRODUCT_BUNDLE_IDENTIFIER = com.kashi.UINowDemoTests;
				PRODUCT_NAME = "$(TARGET_NAME)";
				SWIFT_EMIT_LOC_STRINGS = NO;
				SWIFT_VERSION = 5.0;
				TARGETED_DEVICE_FAMILY = "1,2";
				TEST_HOST = "$(BUILT_PRODUCTS_DIR)/UINowDemo.app/$(BUNDLE_EXECUTABLE_FOLDER_PATH)/UINowDemo";
			};
			name = Debug;
		};
		8F3E18D42D6A126300517FC3 /* Release */ = {
			isa = XCBuildConfiguration;
			buildSettings = {
				BUNDLE_LOADER = "$(TEST_HOST)";
				CODE_SIGN_STYLE = Automatic;
				CURRENT_PROJECT_VERSION = 1;
				DEVELOPMENT_TEAM = VBG2DLANNV;
				GENERATE_INFOPLIST_FILE = YES;
				IPHONEOS_DEPLOYMENT_TARGET = 18.0;
				MARKETING_VERSION = 1.0;
				PRODUCT_BUNDLE_IDENTIFIER = com.kashi.UINowDemoTests;
				PRODUCT_NAME = "$(TARGET_NAME)";
				SWIFT_EMIT_LOC_STRINGS = NO;
				SWIFT_VERSION = 5.0;
				TARGETED_DEVICE_FAMILY = "1,2";
				TEST_HOST = "$(BUILT_PRODUCTS_DIR)/UINowDemo.app/$(BUNDLE_EXECUTABLE_FOLDER_PATH)/UINowDemo";
			};
			name = Release;
		};
		8F3E18D62D6A126300517FC3 /* Debug */ = {
			isa = XCBuildConfiguration;
			buildSettings = {
				CODE_SIGN_STYLE = Automatic;
				CURRENT_PROJECT_VERSION = 1;
				DEVELOPMENT_TEAM = VBG2DLANNV;
				GENERATE_INFOPLIST_FILE = YES;
				MARKETING_VERSION = 1.0;
				PRODUCT_BUNDLE_IDENTIFIER = com.kashi.UINowDemoUITests;
				PRODUCT_NAME = "$(TARGET_NAME)";
				SWIFT_EMIT_LOC_STRINGS = NO;
				SWIFT_VERSION = 5.0;
				TARGETED_DEVICE_FAMILY = "1,2";
				TEST_TARGET_NAME = UINowDemo;
			};
			name = Debug;
		};
		8F3E18D72D6A126300517FC3 /* Release */ = {
			isa = XCBuildConfiguration;
			buildSettings = {
				CODE_SIGN_STYLE = Automatic;
				CURRENT_PROJECT_VERSION = 1;
				DEVELOPMENT_TEAM = VBG2DLANNV;
				GENERATE_INFOPLIST_FILE = YES;
				MARKETING_VERSION = 1.0;
				PRODUCT_BUNDLE_IDENTIFIER = com.kashi.UINowDemoUITests;
				PRODUCT_NAME = "$(TARGET_NAME)";
				SWIFT_EMIT_LOC_STRINGS = NO;
				SWIFT_VERSION = 5.0;
				TARGETED_DEVICE_FAMILY = "1,2";
				TEST_TARGET_NAME = UINowDemo;
			};
			name = Release;
		};
/* End XCBuildConfiguration section */

/* Begin XCConfigurationList section */
		8F3E18A62D6A126100517FC3 /* Build configuration list for PBXProject "UINowDemo" */ = {
			isa = XCConfigurationList;
			buildConfigurations = (
				8F3E18CD2D6A126300517FC3 /* Debug */,
				8F3E18CE2D6A126300517FC3 /* Release */,
			);
			defaultConfigurationIsVisible = 0;
			defaultConfigurationName = Release;
		};
		8F3E18CF2D6A126300517FC3 /* Build configuration list for PBXNativeTarget "UINowDemo" */ = {
			isa = XCConfigurationList;
			buildConfigurations = (
				8F3E18D02D6A126300517FC3 /* Debug */,
				8F3E18D12D6A126300517FC3 /* Release */,
			);
			defaultConfigurationIsVisible = 0;
			defaultConfigurationName = Release;
		};
		8F3E18D22D6A126300517FC3 /* Build configuration list for PBXNativeTarget "UINowDemoTests" */ = {
			isa = XCConfigurationList;
			buildConfigurations = (
				8F3E18D32D6A126300517FC3 /* Debug */,
				8F3E18D42D6A126300517FC3 /* Release */,
			);
			defaultConfigurationIsVisible = 0;
			defaultConfigurationName = Release;
		};
		8F3E18D52D6A126300517FC3 /* Build configuration list for PBXNativeTarget "UINowDemoUITests" */ = {
			isa = XCConfigurationList;
			buildConfigurations = (
				8F3E18D62D6A126300517FC3 /* Debug */,
				8F3E18D72D6A126300517FC3 /* Release */,
			);
			defaultConfigurationIsVisible = 0;
			defaultConfigurationName = Release;
		};
/* End XCConfigurationList section */

/* Begin XCLocalSwiftPackageReference section */
		8F927EFB2D6AEC3C0062BA4B /* XCLocalSwiftPackageReference "../../UINow" */ = {
			isa = XCLocalSwiftPackageReference;
			relativePath = ../../UINow;
		};
/* End XCLocalSwiftPackageReference section */

/* Begin XCSwiftPackageProductDependency section */
		8F3E18D92D6A128D00517FC3 /* UINow */ = {
			isa = XCSwiftPackageProductDependency;
			productName = UINow;
		};
		8F626EE62D6AEB2D009D7076 /* UINow */ = {
			isa = XCSwiftPackageProductDependency;
			productName = UINow;
		};
		8F626EE92D6AEB74009D7076 /* UINow */ = {
			isa = XCSwiftPackageProductDependency;
			productName = UINow;
		};
		8F927EFC2D6AEC3C0062BA4B /* UINow */ = {
			isa = XCSwiftPackageProductDependency;
			productName = UINow;
		};
/* End XCSwiftPackageProductDependency section */
	};
	rootObject = 8F3E18A32D6A126100517FC3 /* Project object */;
}
